
Microsoft Visual Studio Solution File, Format Version 12.00
# Visual Studio 15
VisualStudioVersion = 15.0.28010.2036
MinimumVisualStudioVersion = 10.0.40219.1
Project("{FAE04EC0-301F-11D3-BF4B-00C04F79EFBC}") = "opDotNetCore", "opDotNetCore\opDotNetCore.csproj", "{6CF0A527-FFFE-4921-BB7C-88E97F2C0A02}"
EndProject
Global
	GlobalSection(SolutionConfigurationPlatforms) = preSolution
		Debug|Any CPU = Debug|Any CPU
		Release|Any CPU = Release|Any CPU
	EndGlobalSection
	GlobalSection(ProjectConfigurationPlatforms) = postSolution
		{6CF0A527-FFFE-4921-BB7C-88E97F2C0A02}.Debug|Any CPU.ActiveCfg = Debug|Any CPU
		{6CF0A527-FFFE-4921-BB7C-88E97F2C0A02}.Debug|Any CPU.Build.0 = Debug|Any CPU
		{6CF0A527-FFFE-4921-BB7C-88E97F2C0A02}.Release|Any CPU.ActiveCfg = Release|Any CPU
		{6CF0A527-FFFE-4921-BB7C-88E97F2C0A02}.Release|Any CPU.Build.0 = Release|Any CPU
	EndGlobalSection
	GlobalSection(SolutionProperties) = preSolution
		HideSolutionNode = FALSE
	EndGlobalSection
	GlobalSection(ExtensibilityGlobals) = postSolution
		SolutionGuid = {C1E1078A-0AF3-463C-A13C-12EC8F7B2A6D}
	EndGlobalSection
EndGlobal
